// !$*UTF8*$!
{
	archiveVersion = 1;
	classes = {
	};
	objectVersion = 48;
	objects = {

/* Begin PBXBuildFile section */
		04BFEC541F9D8FCD006D48C3 /* AppDelegate.swift in Sources */ = {isa = PBXBuildFile; fileRef = 04BFEC531F9D8FCD006D48C3 /* AppDelegate.swift */; };
		04BFEC591F9D8FCD006D48C3 /* Main.storyboard in Resources */ = {isa = PBXBuildFile; fileRef = 04BFEC571F9D8FCD006D48C3 /* Main.storyboard */; };
		04BFEC5B1F9D8FCD006D48C3 /* Assets.xcassets in Resources */ = {isa = PBXBuildFile; fileRef = 04BFEC5A1F9D8FCD006D48C3 /* Assets.xcassets */; };
		04BFEC5E1F9D8FCD006D48C3 /* LaunchScreen.storyboard in Resources */ = {isa = PBXBuildFile; fileRef = 04BFEC5C1F9D8FCD006D48C3 /* LaunchScreen.storyboard */; };
		04CC61981F9DB69B004DA24B /* Home.storyboard in Resources */ = {isa = PBXBuildFile; fileRef = 04CC61961F9DB69B004DA24B /* Home.storyboard */; };
		04CC619B1F9DB705004DA24B /* Live.storyboard in Resources */ = {isa = PBXBuildFile; fileRef = 04CC61991F9DB705004DA24B /* Live.storyboard */; };
		04CC619E1F9DB76B004DA24B /* Follow.storyboard in Resources */ = {isa = PBXBuildFile; fileRef = 04CC619C1F9DB76B004DA24B /* Follow.storyboard */; };
		04CC61A11F9DB7BC004DA24B /* Profile.storyboard in Resources */ = {isa = PBXBuildFile; fileRef = 04CC619F1F9DB7BC004DA24B /* Profile.storyboard */; };
		04CC61A31F9DB84E004DA24B /* MainViewController.swift in Sources */ = {isa = PBXBuildFile; fileRef = 04CC61A21F9DB84E004DA24B /* MainViewController.swift */; };
		04CC61A51F9DBB30004DA24B /* HomeViewController.swift in Sources */ = {isa = PBXBuildFile; fileRef = 04CC61A41F9DBB30004DA24B /* HomeViewController.swift */; };
		04CC61A81F9DC422004DA24B /* UIBarButtomItem+Extension.swift in Sources */ = {isa = PBXBuildFile; fileRef = 04CC61A71F9DC422004DA24B /* UIBarButtomItem+Extension.swift */; };
		04CC625A1F9DF2D6004DA24B /* PageTitleView.swift in Sources */ = {isa = PBXBuildFile; fileRef = 04CC62591F9DF2D6004DA24B /* PageTitleView.swift */; };
		04CC625C1F9DF4B3004DA24B /* Common.swift in Sources */ = {isa = PBXBuildFile; fileRef = 04CC625B1F9DF4B3004DA24B /* Common.swift */; };
		04CC625E1F9EF7A9004DA24B /* PageContentView.swift in Sources */ = {isa = PBXBuildFile; fileRef = 04CC625D1F9EF7A9004DA24B /* PageContentView.swift */; };
		04CC62601F9F0384004DA24B /* UIColor-Extension.swift in Sources */ = {isa = PBXBuildFile; fileRef = 04CC625F1F9F0384004DA24B /* UIColor-Extension.swift */; };
		04CC62641FA17B04004DA24B /* RecommendViewController.swift in Sources */ = {isa = PBXBuildFile; fileRef = 04CC62631FA17B04004DA24B /* RecommendViewController.swift */; };
		04CC62671FA1868A004DA24B /* CollectionHeaderView.swift in Sources */ = {isa = PBXBuildFile; fileRef = 04CC62651FA1868A004DA24B /* CollectionHeaderView.swift */; };
		04CC62681FA1868A004DA24B /* CollectionHeaderView.xib in Resources */ = {isa = PBXBuildFile; fileRef = 04CC62661FA1868A004DA24B /* CollectionHeaderView.xib */; };
		04CC626B1FA18C54004DA24B /* CollectionNormalCell.swift in Sources */ = {isa = PBXBuildFile; fileRef = 04CC62691FA18C54004DA24B /* CollectionNormalCell.swift */; };
		04CC626C1FA18C54004DA24B /* CollectionNormalCell.xib in Resources */ = {isa = PBXBuildFile; fileRef = 04CC626A1FA18C54004DA24B /* CollectionNormalCell.xib */; };
		04CC62711FA6C3A4004DA24B /* CollectionPrettyCell.swift in Sources */ = {isa = PBXBuildFile; fileRef = 04CC626F1FA6C3A4004DA24B /* CollectionPrettyCell.swift */; };
		04CC62721FA6C3A4004DA24B /* CollectionPrettyCell.xib in Resources */ = {isa = PBXBuildFile; fileRef = 04CC62701FA6C3A4004DA24B /* CollectionPrettyCell.xib */; };
/* End PBXBuildFile section */

/* Begin PBXFileReference section */
		04BFEC501F9D8FCD006D48C3 /* douyuzb.app */ = {isa = PBXFileReference; explicitFileType = wrapper.application; includeInIndex = 0; path = douyuzb.app; sourceTree = BUILT_PRODUCTS_DIR; };
		04BFEC531F9D8FCD006D48C3 /* AppDelegate.swift */ = {isa = PBXFileReference; lastKnownFileType = sourcecode.swift; path = AppDelegate.swift; sourceTree = "<group>"; };
		04BFEC581F9D8FCD006D48C3 /* Base */ = {isa = PBXFileReference; lastKnownFileType = file.storyboard; name = Base; path = Base.lproj/Main.storyboard; sourceTree = "<group>"; };
		04BFEC5A1F9D8FCD006D48C3 /* Assets.xcassets */ = {isa = PBXFileReference; lastKnownFileType = folder.assetcatalog; path = Assets.xcassets; sourceTree = "<group>"; };
		04BFEC5D1F9D8FCD006D48C3 /* Base */ = {isa = PBXFileReference; lastKnownFileType = file.storyboard; name = Base; path = Base.lproj/LaunchScreen.storyboard; sourceTree = "<group>"; };
		04BFEC5F1F9D8FCD006D48C3 /* Info.plist */ = {isa = PBXFileReference; lastKnownFileType = text.plist.xml; path = Info.plist; sourceTree = "<group>"; };
		04CC61971F9DB69B004DA24B /* Base */ = {isa = PBXFileReference; lastKnownFileType = file.storyboard; name = Base; path = douyuzb/Classes/Main/Base.lproj/Home.storyboard; sourceTree = "<group>"; };
		04CC619A1F9DB705004DA24B /* Base */ = {isa = PBXFileReference; lastKnownFileType = file.storyboard; name = Base; path = douyuzb/Classes/Main/Base.lproj/Live.storyboard; sourceTree = "<group>"; };
		04CC619D1F9DB76B004DA24B /* Base */ = {isa = PBXFileReference; lastKnownFileType = file.storyboard; name = Base; path = douyuzb/Classes/Main/douyuzb/Classes/Main/Base.lproj/Follow.storyboard; sourceTree = "<group>"; };
		04CC61A01F9DB7BC004DA24B /* Base */ = {isa = PBXFileReference; lastKnownFileType = file.storyboard; name = Base; path = douyuzb/Classes/Main/Base.lproj/Profile.storyboard; sourceTree = "<group>"; };
		04CC61A21F9DB84E004DA24B /* MainViewController.swift */ = {isa = PBXFileReference; lastKnownFileType = sourcecode.swift; path = MainViewController.swift; sourceTree = "<group>"; };
		04CC61A41F9DBB30004DA24B /* HomeViewController.swift */ = {isa = PBXFileReference; lastKnownFileType = sourcecode.swift; path = HomeViewController.swift; sourceTree = "<group>"; };
		04CC61A71F9DC422004DA24B /* UIBarButtomItem+Extension.swift */ = {isa = PBXFileReference; lastKnownFileType = sourcecode.swift; path = "UIBarButtomItem+Extension.swift"; sourceTree = "<group>"; };
		04CC62591F9DF2D6004DA24B /* PageTitleView.swift */ = {isa = PBXFileReference; lastKnownFileType = sourcecode.swift; path = PageTitleView.swift; sourceTree = "<group>"; };
		04CC625B1F9DF4B3004DA24B /* Common.swift */ = {isa = PBXFileReference; lastKnownFileType = sourcecode.swift; path = Common.swift; sourceTree = "<group>"; };
		04CC625D1F9EF7A9004DA24B /* PageContentView.swift */ = {isa = PBXFileReference; lastKnownFileType = sourcecode.swift; path = PageContentView.swift; sourceTree = "<group>"; };
		04CC625F1F9F0384004DA24B /* UIColor-Extension.swift */ = {isa = PBXFileReference; lastKnownFileType = sourcecode.swift; path = "UIColor-Extension.swift"; sourceTree = "<group>"; };
		04CC62631FA17B04004DA24B /* RecommendViewController.swift */ = {isa = PBXFileReference; lastKnownFileType = sourcecode.swift; path = RecommendViewController.swift; sourceTree = "<group>"; };
		04CC62651FA1868A004DA24B /* CollectionHeaderView.swift */ = {isa = PBXFileReference; lastKnownFileType = sourcecode.swift; path = CollectionHeaderView.swift; sourceTree = "<group>"; };
		04CC62661FA1868A004DA24B /* CollectionHeaderView.xib */ = {isa = PBXFileReference; lastKnownFileType = file.xib; path = CollectionHeaderView.xib; sourceTree = "<group>"; };
		04CC62691FA18C54004DA24B /* CollectionNormalCell.swift */ = {isa = PBXFileReference; lastKnownFileType = sourcecode.swift; path = CollectionNormalCell.swift; sourceTree = "<group>"; };
		04CC626A1FA18C54004DA24B /* CollectionNormalCell.xib */ = {isa = PBXFileReference; lastKnownFileType = file.xib; path = CollectionNormalCell.xib; sourceTree = "<group>"; };
		04CC626F1FA6C3A4004DA24B /* CollectionPrettyCell.swift */ = {isa = PBXFileReference; lastKnownFileType = sourcecode.swift; path = CollectionPrettyCell.swift; sourceTree = "<group>"; };
		04CC62701FA6C3A4004DA24B /* CollectionPrettyCell.xib */ = {isa = PBXFileReference; lastKnownFileType = file.xib; path = CollectionPrettyCell.xib; sourceTree = "<group>"; };
/* End PBXFileReference section */

/* Begin PBXFrameworksBuildPhase section */
		04BFEC4D1F9D8FCD006D48C3 /* Frameworks */ = {
			isa = PBXFrameworksBuildPhase;
			buildActionMask = 2147483647;
			files = (
			);
			runOnlyForDeploymentPostprocessing = 0;
		};
/* End PBXFrameworksBuildPhase section */

/* Begin PBXGroup section */
		04BFEC471F9D8FCD006D48C3 = {
			isa = PBXGroup;
			children = (
				04BFEC521F9D8FCD006D48C3 /* douyuzb */,
				04BFEC511F9D8FCD006D48C3 /* Products */,
			);
			sourceTree = "<group>";
		};
		04BFEC511F9D8FCD006D48C3 /* Products */ = {
			isa = PBXGroup;
			children = (
				04BFEC501F9D8FCD006D48C3 /* douyuzb.app */,
			);
			name = Products;
			sourceTree = "<group>";
		};
		04BFEC521F9D8FCD006D48C3 /* douyuzb */ = {
			isa = PBXGroup;
			children = (
				04D93E3B1F9D9DE8008C9FDE /* Classes */,
				04BFEC531F9D8FCD006D48C3 /* AppDelegate.swift */,
				04BFEC5A1F9D8FCD006D48C3 /* Assets.xcassets */,
				04BFEC5C1F9D8FCD006D48C3 /* LaunchScreen.storyboard */,
				04BFEC5F1F9D8FCD006D48C3 /* Info.plist */,
			);
			path = douyuzb;
			sourceTree = "<group>";
		};
		04CC61A61F9DC3EE004DA24B /* Extension */ = {
			isa = PBXGroup;
			children = (
				04CC61A71F9DC422004DA24B /* UIBarButtomItem+Extension.swift */,
				04CC625F1F9F0384004DA24B /* UIColor-Extension.swift */,
				04CC625B1F9DF4B3004DA24B /* Common.swift */,
			);
			path = Extension;
			sourceTree = "<group>";
		};
		04D93E3B1F9D9DE8008C9FDE /* Classes */ = {
			isa = PBXGroup;
			children = (
				04D93E3E1F9D9DE8008C9FDE /* Main */,
				04D93E3C1F9D9DE8008C9FDE /* Home */,
				04D93E3D1F9D9DE8008C9FDE /* Live */,
				04D93E411F9D9E2C008C9FDE /* Follow */,
				04D93E3F1F9D9DE8008C9FDE /* Profile */,
				04D93E401F9D9DE8008C9FDE /* Tools */,
			);
			path = Classes;
			sourceTree = "<group>";
		};
		04D93E3C1F9D9DE8008C9FDE /* Home */ = {
			isa = PBXGroup;
			children = (
				04CC61961F9DB69B004DA24B /* Home.storyboard */,
				04CC61A41F9DBB30004DA24B /* HomeViewController.swift */,
				04CC62631FA17B04004DA24B /* RecommendViewController.swift */,
				04CC62651FA1868A004DA24B /* CollectionHeaderView.swift */,
				04CC62661FA1868A004DA24B /* CollectionHeaderView.xib */,
				04CC62591F9DF2D6004DA24B /* PageTitleView.swift */,
				04CC625D1F9EF7A9004DA24B /* PageContentView.swift */,
			);
			path = Home;
			sourceTree = "<group>";
		};
		04D93E3D1F9D9DE8008C9FDE /* Live */ = {
			isa = PBXGroup;
			children = (
				04CC61991F9DB705004DA24B /* Live.storyboard */,
			);
			path = Live;
			sourceTree = "<group>";
		};
		04D93E3E1F9D9DE8008C9FDE /* Main */ = {
			isa = PBXGroup;
			children = (
				04BFEC571F9D8FCD006D48C3 /* Main.storyboard */,
				04CC61A21F9DB84E004DA24B /* MainViewController.swift */,
				04CC62691FA18C54004DA24B /* CollectionNormalCell.swift */,
				04CC626A1FA18C54004DA24B /* CollectionNormalCell.xib */,
				04CC626F1FA6C3A4004DA24B /* CollectionPrettyCell.swift */,
				04CC62701FA6C3A4004DA24B /* CollectionPrettyCell.xib */,
			);
			path = Main;
			sourceTree = "<group>";
		};
		04D93E3F1F9D9DE8008C9FDE /* Profile */ = {
			isa = PBXGroup;
			children = (
				04CC619F1F9DB7BC004DA24B /* Profile.storyboard */,
			);
			path = Profile;
			sourceTree = "<group>";
		};
		04D93E401F9D9DE8008C9FDE /* Tools */ = {
			isa = PBXGroup;
			children = (
				04CC61A61F9DC3EE004DA24B /* Extension */,
			);
			path = Tools;
			sourceTree = "<group>";
		};
		04D93E411F9D9E2C008C9FDE /* Follow */ = {
			isa = PBXGroup;
			children = (
				04CC619C1F9DB76B004DA24B /* Follow.storyboard */,
			);
			path = Follow;
			sourceTree = "<group>";
		};
/* End PBXGroup section */

/* Begin PBXNativeTarget section */
		04BFEC4F1F9D8FCD006D48C3 /* douyuzb */ = {
			isa = PBXNativeTarget;
			buildConfigurationList = 04BFEC621F9D8FCD006D48C3 /* Build configuration list for PBXNativeTarget "douyuzb" */;
			buildPhases = (
				04BFEC4C1F9D8FCD006D48C3 /* Sources */,
				04BFEC4D1F9D8FCD006D48C3 /* Frameworks */,
				04BFEC4E1F9D8FCD006D48C3 /* Resources */,
			);
			buildRules = (
			);
			dependencies = (
			);
			name = douyuzb;
			productName = douyuzb;
			productReference = 04BFEC501F9D8FCD006D48C3 /* douyuzb.app */;
			productType = "com.apple.product-type.application";
		};
/* End PBXNativeTarget section */

/* Begin PBXProject section */
		04BFEC481F9D8FCD006D48C3 /* Project object */ = {
			isa = PBXProject;
			attributes = {
				LastSwiftUpdateCheck = 0900;
				LastUpgradeCheck = 0900;
				ORGANIZATIONNAME = mac;
				TargetAttributes = {
					04BFEC4F1F9D8FCD006D48C3 = {
						CreatedOnToolsVersion = 9.0;
						ProvisioningStyle = Automatic;
					};
				};
			};
			buildConfigurationList = 04BFEC4B1F9D8FCD006D48C3 /* Build configuration list for PBXProject "douyuzb" */;
			compatibilityVersion = "Xcode 8.0";
			developmentRegion = en;
			hasScannedForEncodings = 0;
			knownRegions = (
				en,
				Base,
			);
			mainGroup = 04BFEC471F9D8FCD006D48C3;
			productRefGroup = 04BFEC511F9D8FCD006D48C3 /* Products */;
			projectDirPath = "";
			projectRoot = "";
			targets = (
				04BFEC4F1F9D8FCD006D48C3 /* douyuzb */,
			);
		};
/* End PBXProject section */

/* Begin PBXResourcesBuildPhase section */
		04BFEC4E1F9D8FCD006D48C3 /* Resources */ = {
			isa = PBXResourcesBuildPhase;
			buildActionMask = 2147483647;
			files = (
				04BFEC5E1F9D8FCD006D48C3 /* LaunchScreen.storyboard in Resources */,
				04CC62681FA1868A004DA24B /* CollectionHeaderView.xib in Resources */,
				04CC626C1FA18C54004DA24B /* CollectionNormalCell.xib in Resources */,
				04BFEC5B1F9D8FCD006D48C3 /* Assets.xcassets in Resources */,
				04BFEC591F9D8FCD006D48C3 /* Main.storyboard in Resources */,
				04CC619B1F9DB705004DA24B /* Live.storyboard in Resources */,
				04CC61981F9DB69B004DA24B /* Home.storyboard in Resources */,
				04CC62721FA6C3A4004DA24B /* CollectionPrettyCell.xib in Resources */,
				04CC61A11F9DB7BC004DA24B /* Profile.storyboard in Resources */,
				04CC619E1F9DB76B004DA24B /* Follow.storyboard in Resources */,
			);
			runOnlyForDeploymentPostprocessing = 0;
		};
/* End PBXResourcesBuildPhase section */

/* Begin PBXSourcesBuildPhase section */
		04BFEC4C1F9D8FCD006D48C3 /* Sources */ = {
			isa = PBXSourcesBuildPhase;
			buildActionMask = 2147483647;
			files = (
				04BFEC541F9D8FCD006D48C3 /* AppDelegate.swift in Sources */,
				04CC62671FA1868A004DA24B /* CollectionHeaderView.swift in Sources */,
				04CC62601F9F0384004DA24B /* UIColor-Extension.swift in Sources */,
				04CC62641FA17B04004DA24B /* RecommendViewController.swift in Sources */,
				04CC61A31F9DB84E004DA24B /* MainViewController.swift in Sources */,
				04CC625A1F9DF2D6004DA24B /* PageTitleView.swift in Sources */,
				04CC625E1F9EF7A9004DA24B /* PageContentView.swift in Sources */,
				04CC61A51F9DBB30004DA24B /* HomeViewController.swift in Sources */,
				04CC625C1F9DF4B3004DA24B /* Common.swift in Sources */,
				04CC62711FA6C3A4004DA24B /* CollectionPrettyCell.swift in Sources */,
				04CC626B1FA18C54004DA24B /* CollectionNormalCell.swift in Sources */,
				04CC61A81F9DC422004DA24B /* UIBarButtomItem+Extension.swift in Sources */,
			);
			runOnlyForDeploymentPostprocessing = 0;
		};
/* End PBXSourcesBuildPhase section */

/* Begin PBXVariantGroup section */
		04BFEC571F9D8FCD006D48C3 /* Main.storyboard */ = {
			isa = PBXVariantGroup;
			children = (
				04BFEC581F9D8FCD006D48C3 /* Base */,
			);
			name = Main.storyboard;
			sourceTree = "<group>";
		};
		04BFEC5C1F9D8FCD006D48C3 /* LaunchScreen.storyboard */ = {
			isa = PBXVariantGroup;
			children = (
				04BFEC5D1F9D8FCD006D48C3 /* Base */,
			);
			name = LaunchScreen.storyboard;
			sourceTree = "<group>";
		};
		04CC61961F9DB69B004DA24B /* Home.storyboard */ = {
			isa = PBXVariantGroup;
			children = (
				04CC61971F9DB69B004DA24B /* Base */,
			);
			name = Home.storyboard;
			sourceTree = "<group>";
		};
		04CC61991F9DB705004DA24B /* Live.storyboard */ = {
			isa = PBXVariantGroup;
			children = (
				04CC619A1F9DB705004DA24B /* Base */,
			);
			name = Live.storyboard;
			sourceTree = "<group>";
		};
		04CC619C1F9DB76B004DA24B /* Follow.storyboard */ = {
			isa = PBXVariantGroup;
			children = (
				04CC619D1F9DB76B004DA24B /* Base */,
			);
			name = Follow.storyboard;
			sourceTree = "<group>";
		};
		04CC619F1F9DB7BC004DA24B /* Profile.storyboard */ = {
			isa = PBXVariantGroup;
			children = (
				04CC61A01F9DB7BC004DA24B /* Base */,
			);
			name = Profile.storyboard;
			sourceTree = "<group>";
		};
/* End PBXVariantGroup section */

/* Begin XCBuildConfiguration section */
		04BFEC601F9D8FCD006D48C3 /* Debug */ = {
			isa = XCBuildConfiguration;
			buildSettings = {
				ALWAYS_SEARCH_USER_PATHS = NO;
				CLANG_ANALYZER_NONNULL = YES;
				CLANG_ANALYZER_NUMBER_OBJECT_CONVERSION = YES_AGGRESSIVE;
				CLANG_CXX_LANGUAGE_STANDARD = "gnu++14";
				CLANG_CXX_LIBRARY = "libc++";
				CLANG_ENABLE_MODULES = YES;
				CLANG_ENABLE_OBJC_ARC = YES;
				CLANG_WARN_BLOCK_CAPTURE_AUTORELEASING = YES;
				CLANG_WARN_BOOL_CONVERSION = YES;
				CLANG_WARN_COMMA = YES;
				CLANG_WARN_CONSTANT_CONVERSION = YES;
				CLANG_WARN_DIRECT_OBJC_ISA_USAGE = YES_ERROR;
				CLANG_WARN_DOCUMENTATION_COMMENTS = YES;
				CLANG_WARN_EMPTY_BODY = YES;
				CLANG_WARN_ENUM_CONVERSION = YES;
				CLANG_WARN_INFINITE_RECURSION = YES;
				CLANG_WARN_INT_CONVERSION = YES;
				CLANG_WARN_NON_LITERAL_NULL_CONVERSION = YES;
				CLANG_WARN_OBJC_LITERAL_CONVERSION = YES;
				CLANG_WARN_OBJC_ROOT_CLASS = YES_ERROR;
				CLANG_WARN_RANGE_LOOP_ANALYSIS = YES;
				CLANG_WARN_STRICT_PROTOTYPES = YES;
				CLANG_WARN_SUSPICIOUS_MOVE = YES;
				CLANG_WARN_UNGUARDED_AVAILABILITY = YES_AGGRESSIVE;
				CLANG_WARN_UNREACHABLE_CODE = YES;
				CLANG_WARN__DUPLICATE_METHOD_MATCH = YES;
				CODE_SIGN_IDENTITY = "iPhone Developer";
				COPY_PHASE_STRIP = NO;
				DEBUG_INFORMATION_FORMAT = dwarf;
				ENABLE_STRICT_OBJC_MSGSEND = YES;
				ENABLE_TESTABILITY = YES;
				GCC_C_LANGUAGE_STANDARD = gnu11;
				GCC_DYNAMIC_NO_PIC = NO;
				GCC_NO_COMMON_BLOCKS = YES;
				GCC_OPTIMIZATION_LEVEL = 0;
				GCC_PREPROCESSOR_DEFINITIONS = (
					"DEBUG=1",
					"$(inherited)",
				);
				GCC_WARN_64_TO_32_BIT_CONVERSION = YES;
				GCC_WARN_ABOUT_RETURN_TYPE = YES_ERROR;
				GCC_WARN_UNDECLARED_SELECTOR = YES;
				GCC_WARN_UNINITIALIZED_AUTOS = YES_AGGRESSIVE;
				GCC_WARN_UNUSED_FUNCTION = YES;
				GCC_WARN_UNUSED_VARIABLE = YES;
				IPHONEOS_DEPLOYMENT_TARGET = 11.0;
				MTL_ENABLE_DEBUG_INFO = YES;
				ONLY_ACTIVE_ARCH = YES;
				SDKROOT = iphoneos;
				SWIFT_ACTIVE_COMPILATION_CONDITIONS = DEBUG;
				SWIFT_OPTIMIZATION_LEVEL = "-Onone";
			};
			name = Debug;
		};
		04BFEC611F9D8FCD006D48C3 /* Release */ = {
			isa = XCBuildConfiguration;
			buildSettings = {
				ALWAYS_SEARCH_USER_PATHS = NO;
				CLANG_ANALYZER_NONNULL = YES;
				CLANG_ANALYZER_NUMBER_OBJECT_CONVERSION = YES_AGGRESSIVE;
				CLANG_CXX_LANGUAGE_STANDARD = "gnu++14";
				CLANG_CXX_LIBRARY = "libc++";
				CLANG_ENABLE_MODULES = YES;
				CLANG_ENABLE_OBJC_ARC = YES;
				CLANG_WARN_BLOCK_CAPTURE_AUTORELEASING = YES;
				CLANG_WARN_BOOL_CONVERSION = YES;
				CLANG_WARN_COMMA = YES;
				CLANG_WARN_CONSTANT_CONVERSION = YES;
				CLANG_WARN_DIRECT_OBJC_ISA_USAGE = YES_ERROR;
				CLANG_WARN_DOCUMENTATION_COMMENTS = YES;
				CLANG_WARN_EMPTY_BODY = YES;
				CLANG_WARN_ENUM_CONVERSION = YES;
				CLANG_WARN_INFINITE_RECURSION = YES;
				CLANG_WARN_INT_CONVERSION = YES;
				CLANG_WARN_NON_LITERAL_NULL_CONVERSION = YES;
				CLANG_WARN_OBJC_LITERAL_CONVERSION = YES;
				CLANG_WARN_OBJC_ROOT_CLASS = YES_ERROR;
				CLANG_WARN_RANGE_LOOP_ANALYSIS = YES;
				CLANG_WARN_STRICT_PROTOTYPES = YES;
				CLANG_WARN_SUSPICIOUS_MOVE = YES;
				CLANG_WARN_UNGUARDED_AVAILABILITY = YES_AGGRESSIVE;
				CLANG_WARN_UNREACHABLE_CODE = YES;
				CLANG_WARN__DUPLICATE_METHOD_MATCH = YES;
				CODE_SIGN_IDENTITY = "iPhone Developer";
				COPY_PHASE_STRIP = NO;
				DEBUG_INFORMATION_FORMAT = "dwarf-with-dsym";
				ENABLE_NS_ASSERTIONS = NO;
				ENABLE_STRICT_OBJC_MSGSEND = YES;
				GCC_C_LANGUAGE_STANDARD = gnu11;
				GCC_NO_COMMON_BLOCKS = YES;
				GCC_WARN_64_TO_32_BIT_CONVERSION = YES;
				GCC_WARN_ABOUT_RETURN_TYPE = YES_ERROR;
				GCC_WARN_UNDECLARED_SELECTOR = YES;
				GCC_WARN_UNINITIALIZED_AUTOS = YES_AGGRESSIVE;
				GCC_WARN_UNUSED_FUNCTION = YES;
				GCC_WARN_UNUSED_VARIABLE = YES;
				IPHONEOS_DEPLOYMENT_TARGET = 11.0;
				MTL_ENABLE_DEBUG_INFO = NO;
				SDKROOT = iphoneos;
				SWIFT_OPTIMIZATION_LEVEL = "-Owholemodule";
				VALIDATE_PRODUCT = YES;
			};
			name = Release;
		};
		04BFEC631F9D8FCD006D48C3 /* Debug */ = {
			isa = XCBuildConfiguration;
			buildSettings = {
				ASSETCATALOG_COMPILER_APPICON_NAME = AppIcon;
				CODE_SIGN_STYLE = Automatic;
				DEVELOPMENT_TEAM = NN74RUXEM7;
				INFOPLIST_FILE = douyuzb/Info.plist;
				IPHONEOS_DEPLOYMENT_TARGET = 10.3;
				LD_RUNPATH_SEARCH_PATHS = "$(inherited) @executable_path/Frameworks";
				PRODUCT_BUNDLE_IDENTIFIER = com.qiqiabc..douyuzb;
				PRODUCT_NAME = "$(TARGET_NAME)";
				SWIFT_VERSION = 4.0;
				TARGETED_DEVICE_FAMILY = "1,2";
			};
			name = Debug;
		};
		04BFEC641F9D8FCD006D48C3 /* Release */ = {
			isa = XCBuildConfiguration;
			buildSettings = {
				ASSETCATALOG_COMPILER_APPICON_NAME = AppIcon;
				CODE_SIGN_STYLE = Automatic;
				DEVELOPMENT_TEAM = NN74RUXEM7;
				INFOPLIST_FILE = douyuzb/Info.plist;
				IPHONEOS_DEPLOYMENT_TARGET = 10.3;
				LD_RUNPATH_SEARCH_PATHS = "$(inherited) @executable_path/Frameworks";
				PRODUCT_BUNDLE_IDENTIFIER = com.qiqiabc..douyuzb;
				PRODUCT_NAME = "$(TARGET_NAME)";
				SWIFT_VERSION = 4.0;
				TARGETED_DEVICE_FAMILY = "1,2";
			};
			name = Release;
		};
/* End XCBuildConfiguration section */

/* Begin XCConfigurationList section */
		04BFEC4B1F9D8FCD006D48C3 /* Build configuration list for PBXProject "douyuzb" */ = {
			isa = XCConfigurationList;
			buildConfigurations = (
				04BFEC601F9D8FCD006D48C3 /* Debug */,
				04BFEC611F9D8FCD006D48C3 /* Release */,
			);
			defaultConfigurationIsVisible = 0;
			defaultConfigurationName = Release;
		};
		04BFEC621F9D8FCD006D48C3 /* Build configuration list for PBXNativeTarget "douyuzb" */ = {
			isa = XCConfigurationList;
			buildConfigurations = (
				04BFEC631F9D8FCD006D48C3 /* Debug */,
				04BFEC641F9D8FCD006D48C3 /* Release */,
			);
			defaultConfigurationIsVisible = 0;
			defaultConfigurationName = Release;
		};
/* End XCConfigurationList section */
	};
	rootObject = 04BFEC481F9D8FCD006D48C3 /* Project object */;
}
