// !$*UTF8*$!
{
	archiveVersion = 1;
	classes = {
	};
	objectVersion = 48;
	objects = {

/* Begin PBXBuildFile section */
		04BFEC541F9D8FCD006D48C3 /* AppDelegate.swift in Sources */ = {isa = PBXBuildFile; fileRef = 04BFEC531F9D8FCD006D48C3 /* AppDelegate.swift */; };
		04BFEC591F9D8FCD006D48C3 /* Main.storyboard in Resources */ = {isa = PBXBuildFile; fileRef = 04BFEC571F9D8FCD006D48C3 /* Main.storyboard */; };
		04BFEC5B1F9D8FCD006D48C3 /* Assets.xcassets in Resources */ = {isa = PBXBuildFile; fileRef = 04BFEC5A1F9D8FCD006D48C3 /* Assets.xcassets */; };
		04BFEC5E1F9D8FCD006D48C3 /* LaunchScreen.storyboard in Resources */ = {isa = PBXBuildFile; fileRef = 04BFEC5C1F9D8FCD006D48C3 /* LaunchScreen.storyboard */; };
/* End PBXBuildFile section */

/* Begin PBXFileReference section */
		04BFEC501F9D8FCD006D48C3 /* douyuzb.app */ = {isa = PBXFileReference; explicitFileType = wrapper.application; includeInIndex = 0; path = douyuzb.app; sourceTree = BUILT_PRODUCTS_DIR; };
		04BFEC531F9D8FCD006D48C3 /* AppDelegate.swift */ = {isa = PBXFileReference; lastKnownFileType = sourcecode.swift; path = AppDelegate.swift; sourceTree = "<group>"; };
		04BFEC581F9D8FCD006D48C3 /* Base */ = {isa = PBXFileReference; lastKnownFileType = file.storyboard; name = Base; path = Base.lproj/Main.storyboard; sourceTree = "<group>"; };
		04BFEC5A1F9D8FCD006D48C3 /* Assets.xcassets */ = {isa = PBXFileReference; lastKnownFileType = folder.assetcatalog; path = Assets.xcassets; sourceTree = "<group>"; };
		04BFEC5D1F9D8FCD006D48C3 /* Base */ = {isa = PBXFileReference; lastKnownFileType = file.storyboard; name = Base; path = Base.lproj/LaunchScreen.storyboard; sourceTree = "<group>"; };
		04BFEC5F1F9D8FCD006D48C3 /* Info.plist */ = {isa = PBXFileReference; lastKnownFileType = text.plist.xml; path = Info.plist; sourceTree = "<group>"; };
/* End PBXFileReference section */

/* Begin PBXFrameworksBuildPhase section */
		04BFEC4D1F9D8FCD006D48C3 /* Frameworks */ = {
			isa = PBXFrameworksBuildPhase;
			buildActionMask = 2147483647;
			files = (
			);
			runOnlyForDeploymentPostprocessing = 0;
		};
/* End PBXFrameworksBuildPhase section */

/* Begin PBXGroup section */
		04BFEC471F9D8FCD006D48C3 = {
			isa = PBXGroup;
			children = (
				04BFEC521F9D8FCD006D48C3 /* douyuzb */,
				04BFEC511F9D8FCD006D48C3 /* Products */,
			);
			sourceTree = "<group>";
		};
		04BFEC511F9D8FCD006D48C3 /* Products */ = {
			isa = PBXGroup;
			children = (
				04BFEC501F9D8FCD006D48C3 /* douyuzb.app */,
			);
			name = Products;
			sourceTree = "<group>";
		};
		04BFEC521F9D8FCD006D48C3 /* douyuzb */ = {
			isa = PBXGroup;
			children = (
				04BFEC651F9D940A006D48C3 /* Classes */,
				04BFEC531F9D8FCD006D48C3 /* AppDelegate.swift */,
				04BFEC571F9D8FCD006D48C3 /* Main.storyboard */,
				04BFEC5A1F9D8FCD006D48C3 /* Assets.xcassets */,
				04BFEC5C1F9D8FCD006D48C3 /* LaunchScreen.storyboard */,
				04BFEC5F1F9D8FCD006D48C3 /* Info.plist */,
			);
			path = douyuzb;
			sourceTree = "<group>";
		};
		04BFEC651F9D940A006D48C3 /* Classes */ = {
			isa = PBXGroup;
			children = (
				04BFEC671F9D940A006D48C3 /* Home */,
				04BFEC681F9D940A006D48C3 /* Live */,
				04BFEC691F9D940A006D48C3 /* Main */,
				04BFEC661F9D940A006D48C3 /* Follow */,
				04BFEC6A1F9D940A006D48C3 /* Profile */,
				04BFEC6B1F9D940A006D48C3 /* Tools */,
			);
			path = Classes;
			sourceTree = "<group>";
		};
		04BFEC661F9D940A006D48C3 /* Follow */ = {
			isa = PBXGroup;
			children = (
			);
			path = Follow;
			sourceTree = "<group>";
		};
		04BFEC671F9D940A006D48C3 /* Home */ = {
			isa = PBXGroup;
			children = (
			);
			path = Home;
			sourceTree = "<group>";
		};
		04BFEC681F9D940A006D48C3 /* Live */ = {
			isa = PBXGroup;
			children = (
			);
			path = Live;
			sourceTree = "<group>";
		};
		04BFEC691F9D940A006D48C3 /* Main */ = {
			isa = PBXGroup;
			children = (
			);
			path = Main;
			sourceTree = "<group>";
		};
		04BFEC6A1F9D940A006D48C3 /* Profile */ = {
			isa = PBXGroup;
			children = (
			);
			path = Profile;
			sourceTree = "<group>";
		};
		04BFEC6B1F9D940A006D48C3 /* Tools */ = {
			isa = PBXGroup;
			children = (
			);
			path = Tools;
			sourceTree = "<group>";
		};
/* End PBXGroup section */

/* Begin PBXNativeTarget section */
		04BFEC4F1F9D8FCD006D48C3 /* douyuzb */ = {
			isa = PBXNativeTarget;
			buildConfigurationList = 04BFEC621F9D8FCD006D48C3 /* Build configuration list for PBXNativeTarget "douyuzb" */;
			buildPhases = (
				04BFEC4C1F9D8FCD006D48C3 /* Sources */,
				04BFEC4D1F9D8FCD006D48C3 /* Frameworks */,
				04BFEC4E1F9D8FCD006D48C3 /* Resources */,
			);
			buildRules = (
			);
			dependencies = (
			);
			name = douyuzb;
			productName = douyuzb;
			productReference = 04BFEC501F9D8FCD006D48C3 /* douyuzb.app */;
			productType = "com.apple.product-type.application";
		};
/* End PBXNativeTarget section */

/* Begin PBXProject section */
		04BFEC481F9D8FCD006D48C3 /* Project object */ = {
			isa = PBXProject;
			attributes = {
				LastSwiftUpdateCheck = 0900;
				LastUpgradeCheck = 0900;
				ORGANIZATIONNAME = mac;
				TargetAttributes = {
					04BFEC4F1F9D8FCD006D48C3 = {
						CreatedOnToolsVersion = 9.0;
						ProvisioningStyle = Automatic;
					};
				};
			};
			buildConfigurationList = 04BFEC4B1F9D8FCD006D48C3 /* Build configuration list for PBXProject "douyuzb" */;
			compatibilityVersion = "Xcode 8.0";
			developmentRegion = en;
			hasScannedForEncodings = 0;
			knownRegions = (
				en,
				Base,
			);
			mainGroup = 04BFEC471F9D8FCD006D48C3;
			productRefGroup = 04BFEC511F9D8FCD006D48C3 /* Products */;
			projectDirPath = "";
			projectRoot = "";
			targets = (
				04BFEC4F1F9D8FCD006D48C3 /* douyuzb */,
			);
		};
/* End PBXProject section */

/* Begin PBXResourcesBuildPhase section */
		04BFEC4E1F9D8FCD006D48C3 /* Resources */ = {
			isa = PBXResourcesBuildPhase;
			buildActionMask = 2147483647;
			files = (
				04BFEC5E1F9D8FCD006D48C3 /* LaunchScreen.storyboard in Resources */,
				04BFEC5B1F9D8FCD006D48C3 /* Assets.xcassets in Resources */,
				04BFEC591F9D8FCD006D48C3 /* Main.storyboard in Resources */,
			);
			runOnlyForDeploymentPostprocessing = 0;
		};
/* End PBXResourcesBuildPhase section */

/* Begin PBXSourcesBuildPhase section */
		04BFEC4C1F9D8FCD006D48C3 /* Sources */ = {
			isa = PBXSourcesBuildPhase;
			buildActionMask = 2147483647;
			files = (
				04BFEC541F9D8FCD006D48C3 /* AppDelegate.swift in Sources */,
			);
			runOnlyForDeploymentPostprocessing = 0;
		};
/* End PBXSourcesBuildPhase section */

/* Begin PBXVariantGroup section */
		04BFEC571F9D8FCD006D48C3 /* Main.storyboard */ = {
			isa = PBXVariantGroup;
			children = (
				04BFEC581F9D8FCD006D48C3 /* Base */,
			);
			name = Main.storyboard;
			sourceTree = "<group>";
		};
		04BFEC5C1F9D8FCD006D48C3 /* LaunchScreen.storyboard */ = {
			isa = PBXVariantGroup;
			children = (
				04BFEC5D1F9D8FCD006D48C3 /* Base */,
			);
			name = LaunchScreen.storyboard;
			sourceTree = "<group>";
		};
/* End PBXVariantGroup section */

/* Begin XCBuildConfiguration section */
		04BFEC601F9D8FCD006D48C3 /* Debug */ = {
			isa = XCBuildConfiguration;
			buildSettings = {
				ALWAYS_SEARCH_USER_PATHS = NO;
				CLANG_ANALYZER_NONNULL = YES;
				CLANG_ANALYZER_NUMBER_OBJECT_CONVERSION = YES_AGGRESSIVE;
				CLANG_CXX_LANGUAGE_STANDARD = "gnu++14";
				CLANG_CXX_LIBRARY = "libc++";
				CLANG_ENABLE_MODULES = YES;
				CLANG_ENABLE_OBJC_ARC = YES;
				CLANG_WARN_BLOCK_CAPTURE_AUTORELEASING = YES;
				CLANG_WARN_BOOL_CONVERSION = YES;
				CLANG_WARN_COMMA = YES;
				CLANG_WARN_CONSTANT_CONVERSION = YES;
				CLANG_WARN_DIRECT_OBJC_ISA_USAGE = YES_ERROR;
				CLANG_WARN_DOCUMENTATION_COMMENTS = YES;
				CLANG_WARN_EMPTY_BODY = YES;
				CLANG_WARN_ENUM_CONVERSION = YES;
				CLANG_WARN_INFINITE_RECURSION = YES;
				CLANG_WARN_INT_CONVERSION = YES;
				CLANG_WARN_NON_LITERAL_NULL_CONVERSION = YES;
				CLANG_WARN_OBJC_LITERAL_CONVERSION = YES;
				CLANG_WARN_OBJC_ROOT_CLASS = YES_ERROR;
				CLANG_WARN_RANGE_LOOP_ANALYSIS = YES;
				CLANG_WARN_STRICT_PROTOTYPES = YES;
				CLANG_WARN_SUSPICIOUS_MOVE = YES;
				CLANG_WARN_UNGUARDED_AVAILABILITY = YES_AGGRESSIVE;
				CLANG_WARN_UNREACHABLE_CODE = YES;
				CLANG_WARN__DUPLICATE_METHOD_MATCH = YES;
				CODE_SIGN_IDENTITY = "iPhone Developer";
				COPY_PHASE_STRIP = NO;
				DEBUG_INFORMATION_FORMAT = dwarf;
				ENABLE_STRICT_OBJC_MSGSEND = YES;
				ENABLE_TESTABILITY = YES;
				GCC_C_LANGUAGE_STANDARD = gnu11;
				GCC_DYNAMIC_NO_PIC = NO;
				GCC_NO_COMMON_BLOCKS = YES;
				GCC_OPTIMIZATION_LEVEL = 0;
				GCC_PREPROCESSOR_DEFINITIONS = (
					"DEBUG=1",
					"$(inherited)",
				);
				GCC_WARN_64_TO_32_BIT_CONVERSION = YES;
				GCC_WARN_ABOUT_RETURN_TYPE = YES_ERROR;
				GCC_WARN_UNDECLARED_SELECTOR = YES;
				GCC_WARN_UNINITIALIZED_AUTOS = YES_AGGRESSIVE;
				GCC_WARN_UNUSED_FUNCTION = YES;
				GCC_WARN_UNUSED_VARIABLE = YES;
				IPHONEOS_DEPLOYMENT_TARGET = 11.0;
				MTL_ENABLE_DEBUG_INFO = YES;
				ONLY_ACTIVE_ARCH = YES;
				SDKROOT = iphoneos;
				SWIFT_ACTIVE_COMPILATION_CONDITIONS = DEBUG;
				SWIFT_OPTIMIZATION_LEVEL = "-Onone";
			};
			name = Debug;
		};
		04BFEC611F9D8FCD006D48C3 /* Release */ = {
			isa = XCBuildConfiguration;
			buildSettings = {
				ALWAYS_SEARCH_USER_PATHS = NO;
				CLANG_ANALYZER_NONNULL = YES;
				CLANG_ANALYZER_NUMBER_OBJECT_CONVERSION = YES_AGGRESSIVE;
				CLANG_CXX_LANGUAGE_STANDARD = "gnu++14";
				CLANG_CXX_LIBRARY = "libc++";
				CLANG_ENABLE_MODULES = YES;
				CLANG_ENABLE_OBJC_ARC = YES;
				CLANG_WARN_BLOCK_CAPTURE_AUTORELEASING = YES;
				CLANG_WARN_BOOL_CONVERSION = YES;
				CLANG_WARN_COMMA = YES;
				CLANG_WARN_CONSTANT_CONVERSION = YES;
				CLANG_WARN_DIRECT_OBJC_ISA_USAGE = YES_ERROR;
				CLANG_WARN_DOCUMENTATION_COMMENTS = YES;
				CLANG_WARN_EMPTY_BODY = YES;
				CLANG_WARN_ENUM_CONVERSION = YES;
				CLANG_WARN_INFINITE_RECURSION = YES;
				CLANG_WARN_INT_CONVERSION = YES;
				CLANG_WARN_NON_LITERAL_NULL_CONVERSION = YES;
				CLANG_WARN_OBJC_LITERAL_CONVERSION = YES;
				CLANG_WARN_OBJC_ROOT_CLASS = YES_ERROR;
				CLANG_WARN_RANGE_LOOP_ANALYSIS = YES;
				CLANG_WARN_STRICT_PROTOTYPES = YES;
				CLANG_WARN_SUSPICIOUS_MOVE = YES;
				CLANG_WARN_UNGUARDED_AVAILABILITY = YES_AGGRESSIVE;
				CLANG_WARN_UNREACHABLE_CODE = YES;
				CLANG_WARN__DUPLICATE_METHOD_MATCH = YES;
				CODE_SIGN_IDENTITY = "iPhone Developer";
				COPY_PHASE_STRIP = NO;
				DEBUG_INFORMATION_FORMAT = "dwarf-with-dsym";
				ENABLE_NS_ASSERTIONS = NO;
				ENABLE_STRICT_OBJC_MSGSEND = YES;
				GCC_C_LANGUAGE_STANDARD = gnu11;
				GCC_NO_COMMON_BLOCKS = YES;
				GCC_WARN_64_TO_32_BIT_CONVERSION = YES;
				GCC_WARN_ABOUT_RETURN_TYPE = YES_ERROR;
				GCC_WARN_UNDECLARED_SELECTOR = YES;
				GCC_WARN_UNINITIALIZED_AUTOS = YES_AGGRESSIVE;
				GCC_WARN_UNUSED_FUNCTION = YES;
				GCC_WARN_UNUSED_VARIABLE = YES;
				IPHONEOS_DEPLOYMENT_TARGET = 11.0;
				MTL_ENABLE_DEBUG_INFO = NO;
				SDKROOT = iphoneos;
				SWIFT_OPTIMIZATION_LEVEL = "-Owholemodule";
				VALIDATE_PRODUCT = YES;
			};
			name = Release;
		};
		04BFEC631F9D8FCD006D48C3 /* Debug */ = {
			isa = XCBuildConfiguration;
			buildSettings = {
				ASSETCATALOG_COMPILER_APPICON_NAME = AppIcon;
				ASSETCATALOG_COMPILER_LAUNCHIMAGE_NAME = LaunchImage;
				CODE_SIGN_STYLE = Automatic;
				DEVELOPMENT_TEAM = NN74RUXEM7;
				INFOPLIST_FILE = douyuzb/Info.plist;
				IPHONEOS_DEPLOYMENT_TARGET = 9.0;
				LD_RUNPATH_SEARCH_PATHS = "$(inherited) @executable_path/Frameworks";
				PRODUCT_BUNDLE_IDENTIFIER = com.qiqiabc..douyuzb;
				PRODUCT_NAME = "$(TARGET_NAME)";
				SWIFT_VERSION = 4.0;
				TARGETED_DEVICE_FAMILY = "1,2";
			};
			name = Debug;
		};
		04BFEC641F9D8FCD006D48C3 /* Release */ = {
			isa = XCBuildConfiguration;
			buildSettings = {
				ASSETCATALOG_COMPILER_APPICON_NAME = AppIcon;
				ASSETCATALOG_COMPILER_LAUNCHIMAGE_NAME = LaunchImage;
				CODE_SIGN_STYLE = Automatic;
				DEVELOPMENT_TEAM = NN74RUXEM7;
				INFOPLIST_FILE = douyuzb/Info.plist;
				IPHONEOS_DEPLOYMENT_TARGET = 9.0;
				LD_RUNPATH_SEARCH_PATHS = "$(inherited) @executable_path/Frameworks";
				PRODUCT_BUNDLE_IDENTIFIER = com.qiqiabc..douyuzb;
				PRODUCT_NAME = "$(TARGET_NAME)";
				SWIFT_VERSION = 4.0;
				TARGETED_DEVICE_FAMILY = "1,2";
			};
			name = Release;
		};
/* End XCBuildConfiguration section */

/* Begin XCConfigurationList section */
		04BFEC4B1F9D8FCD006D48C3 /* Build configuration list for PBXProject "douyuzb" */ = {
			isa = XCConfigurationList;
			buildConfigurations = (
				04BFEC601F9D8FCD006D48C3 /* Debug */,
				04BFEC611F9D8FCD006D48C3 /* Release */,
			);
			defaultConfigurationIsVisible = 0;
			defaultConfigurationName = Release;
		};
		04BFEC621F9D8FCD006D48C3 /* Build configuration list for PBXNativeTarget "douyuzb" */ = {
			isa = XCConfigurationList;
			buildConfigurations = (
				04BFEC631F9D8FCD006D48C3 /* Debug */,
				04BFEC641F9D8FCD006D48C3 /* Release */,
			);
			defaultConfigurationIsVisible = 0;
			defaultConfigurationName = Release;
		};
/* End XCConfigurationList section */
	};
	rootObject = 04BFEC481F9D8FCD006D48C3 /* Project object */;
}
